
Microsoft Visual Studio Solution File, Format Version 12.00
# Visual Studio 15
Project("{FAE04EC0-301F-11D3-BF4B-00C04F79EFBC}") = "Assembly-CSharp", "Assembly-CSharp.csproj", "{C963BF7F-C74B-A286-7336-643008819542}"
EndProject
Global
	GlobalSection(SolutionConfigurationPlatforms) = preSolution
		Debug|Any CPU = Debug|Any CPU
		Release|Any CPU = Release|Any CPU
	EndGlobalSection
	GlobalSection(ProjectConfigurationPlatforms) = postSolution
		{C963BF7F-C74B-A286-7336-643008819542}.Debug|Any CPU.ActiveCfg = Debug|Any CPU
		{C963BF7F-C74B-A286-7336-643008819542}.Debug|Any CPU.Build.0 = Debug|Any CPU
		{C963BF7F-C74B-A286-7336-643008819542}.Release|Any CPU.ActiveCfg = Release|Any CPU
		{C963BF7F-C74B-A286-7336-643008819542}.Release|Any CPU.Build.0 = Release|Any CPU
	EndGlobalSection
	GlobalSection(SolutionProperties) = preSolution
		HideSolutionNode = FALSE
	EndGlobalSection
EndGlobal
